// !$*UTF8*$!
{
	archiveVersion = 1;
	classes = {
	};
	objectVersion = 46;
	objects = {

/* Begin PBXBuildFile section */
		2F2858CB982E43ADB53A07C0 /* Pods_Example_ProductBrowserTests.framework in Frameworks */ = {isa = PBXBuildFile; fileRef = C42822C931D8E81866A53BBA /* Pods_Example_ProductBrowserTests.framework */; };
		6415E5011D0CBB690055E4CF /* MenuViewController.swift in Sources */ = {isa = PBXBuildFile; fileRef = 6415E5001D0CBB690055E4CF /* MenuViewController.swift */; };
		6415E5071D0CCB8F0055E4CF /* MenuViewModel.swift in Sources */ = {isa = PBXBuildFile; fileRef = 6415E5061D0CCB8F0055E4CF /* MenuViewModel.swift */; };
		6415E5091D0D722D0055E4CF /* ProductListViewController.swift in Sources */ = {isa = PBXBuildFile; fileRef = 6415E5081D0D722D0055E4CF /* ProductListViewController.swift */; };
		6415E50B1D0E11A50055E4CF /* ProductListViewModel.swift in Sources */ = {isa = PBXBuildFile; fileRef = 6415E50A1D0E11A50055E4CF /* ProductListViewModel.swift */; };
		6415E50D1D0E1A040055E4CF /* HeaderCollectionReusableView.swift in Sources */ = {isa = PBXBuildFile; fileRef = 6415E50C1D0E1A040055E4CF /* HeaderCollectionReusableView.swift */; };
		6415E5101D0E1DAD0055E4CF /* ProductCollectionViewCell.swift in Sources */ = {isa = PBXBuildFile; fileRef = 6415E50F1D0E1DAD0055E4CF /* ProductCollectionViewCell.swift */; };
		642A212D1D144664009A4EB7 /* PagedScrollView.swift in Sources */ = {isa = PBXBuildFile; fileRef = 642A212C1D144664009A4EB7 /* PagedScrollView.swift */; };
		642A212F1D145416009A4EB7 /* SelectableButton.swift in Sources */ = {isa = PBXBuildFile; fileRef = 642A212E1D145416009A4EB7 /* SelectableButton.swift */; };
		643872831D0C6D4A00563D39 /* AppDelegate.swift in Sources */ = {isa = PBXBuildFile; fileRef = 643872821D0C6D4A00563D39 /* AppDelegate.swift */; };
		643872851D0C6D4A00563D39 /* StartViewController.swift in Sources */ = {isa = PBXBuildFile; fileRef = 643872841D0C6D4A00563D39 /* StartViewController.swift */; };
		643872881D0C6D4A00563D39 /* Main.storyboard in Resources */ = {isa = PBXBuildFile; fileRef = 643872861D0C6D4A00563D39 /* Main.storyboard */; };
		6438728A1D0C6D4A00563D39 /* Assets.xcassets in Resources */ = {isa = PBXBuildFile; fileRef = 643872891D0C6D4A00563D39 /* Assets.xcassets */; };
		6438728D1D0C6D4A00563D39 /* LaunchScreen.storyboard in Resources */ = {isa = PBXBuildFile; fileRef = 6438728B1D0C6D4A00563D39 /* LaunchScreen.storyboard */; };
		643872981D0C6D4A00563D39 /* ObjectTests.swift in Sources */ = {isa = PBXBuildFile; fileRef = 643872971D0C6D4A00563D39 /* ObjectTests.swift */; };
		643872A41D0C748500563D39 /* Moya+Extensions.swift in Sources */ = {isa = PBXBuildFile; fileRef = 643872A31D0C748500563D39 /* Moya+Extensions.swift */; };
		643872A61D0C751000563D39 /* Extensions.swift in Sources */ = {isa = PBXBuildFile; fileRef = 643872A51D0C751000563D39 /* Extensions.swift */; };
		643872A81D0C757500563D39 /* Backend.swift in Sources */ = {isa = PBXBuildFile; fileRef = 643872A71D0C757500563D39 /* Backend.swift */; };
		643872AB1D0C933900563D39 /* Section.swift in Sources */ = {isa = PBXBuildFile; fileRef = 643872AA1D0C933900563D39 /* Section.swift */; };
		643872AD1D0C941100563D39 /* Category.swift in Sources */ = {isa = PBXBuildFile; fileRef = 643872AC1D0C941100563D39 /* Category.swift */; };
		643872AF1D0C964A00563D39 /* Product.swift in Sources */ = {isa = PBXBuildFile; fileRef = 643872AE1D0C964A00563D39 /* Product.swift */; };
		643872B11D0C98A500563D39 /* CategoryDetails.swift in Sources */ = {isa = PBXBuildFile; fileRef = 643872B01D0C98A500563D39 /* CategoryDetails.swift */; };
		643872B31D0CA28700563D39 /* ProductDetails.swift in Sources */ = {isa = PBXBuildFile; fileRef = 643872B21D0CA28700563D39 /* ProductDetails.swift */; };
		64408DD31D14C02500285CC2 /* FavManager.swift in Sources */ = {isa = PBXBuildFile; fileRef = 64408DD21D14C02500285CC2 /* FavManager.swift */; };
		64408DD51D15BA2000285CC2 /* FavBarButtonHelper.swift in Sources */ = {isa = PBXBuildFile; fileRef = 64408DD41D15BA2000285CC2 /* FavBarButtonHelper.swift */; };
		64408DD81D15FF2700285CC2 /* ObjectMocks.swift in Sources */ = {isa = PBXBuildFile; fileRef = 64408DD71D15FF2700285CC2 /* ObjectMocks.swift */; };
		64408DDA1D170C6500285CC2 /* ModelTests.swift in Sources */ = {isa = PBXBuildFile; fileRef = 64408DD91D170C6500285CC2 /* ModelTests.swift */; };
		64408DDC1D1716CC00285CC2 /* ViewModelTests.swift in Sources */ = {isa = PBXBuildFile; fileRef = 64408DDB1D1716CC00285CC2 /* ViewModelTests.swift */; };
		64459FEB1D141E76003D63BD /* BagBarButtonHelper.swift in Sources */ = {isa = PBXBuildFile; fileRef = 64459FEA1D141E76003D63BD /* BagBarButtonHelper.swift */; };
		646681B61D14033E00580764 /* BagManager.swift in Sources */ = {isa = PBXBuildFile; fileRef = 646681B51D14033E00580764 /* BagManager.swift */; };
		647B2E481D0CAD5E00337E48 /* CatManager.swift in Sources */ = {isa = PBXBuildFile; fileRef = 647B2E471D0CAD5E00337E48 /* CatManager.swift */; };
		647B2E4F1D0CB5C800337E48 /* R.generated.swift in Sources */ = {isa = PBXBuildFile; fileRef = 647B2E4E1D0CB5C800337E48 /* R.generated.swift */; };
		647B2E511D0CB66500337E48 /* HamburgerMenu.storyboard in Resources */ = {isa = PBXBuildFile; fileRef = 647B2E501D0CB66500337E48 /* HamburgerMenu.storyboard */; };
		64EDDF6C1D1053650078DE40 /* ProductDetailsViewModel.swift in Sources */ = {isa = PBXBuildFile; fileRef = 64EDDF6B1D1053650078DE40 /* ProductDetailsViewModel.swift */; };
		64EDDF6E1D11DA5F0078DE40 /* ProductDetailsViewController.swift in Sources */ = {isa = PBXBuildFile; fileRef = 64EDDF6D1D11DA5F0078DE40 /* ProductDetailsViewController.swift */; };
		7C82320659BF8696B49C3EF4 /* Pods_Example_ProductBrowser.framework in Frameworks */ = {isa = PBXBuildFile; fileRef = 1F9AB1283669754CB9127FF1 /* Pods_Example_ProductBrowser.framework */; };
/* End PBXBuildFile section */

/* Begin PBXContainerItemProxy section */
		643872941D0C6D4A00563D39 /* PBXContainerItemProxy */ = {
			isa = PBXContainerItemProxy;
			containerPortal = 643872771D0C6D4A00563D39 /* Project object */;
			proxyType = 1;
			remoteGlobalIDString = 6438727E1D0C6D4A00563D39;
			remoteInfo = Example_ProductBrowser;
		};
/* End PBXContainerItemProxy section */

/* Begin PBXFileReference section */
		1F9AB1283669754CB9127FF1 /* Pods_Example_ProductBrowser.framework */ = {isa = PBXFileReference; explicitFileType = wrapper.framework; includeInIndex = 0; path = Pods_Example_ProductBrowser.framework; sourceTree = BUILT_PRODUCTS_DIR; };
		4CC9B50021DCA7689A02FE93 /* Pods-Example_ProductBrowserTests.debug.xcconfig */ = {isa = PBXFileReference; includeInIndex = 1; lastKnownFileType = text.xcconfig; name = "Pods-Example_ProductBrowserTests.debug.xcconfig"; path = "Pods/Target Support Files/Pods-Example_ProductBrowserTests/Pods-Example_ProductBrowserTests.debug.xcconfig"; sourceTree = "<group>"; };
		6415E5001D0CBB690055E4CF /* MenuViewController.swift */ = {isa = PBXFileReference; fileEncoding = 4; lastKnownFileType = sourcecode.swift; path = MenuViewController.swift; sourceTree = "<group>"; };
		6415E5061D0CCB8F0055E4CF /* MenuViewModel.swift */ = {isa = PBXFileReference; fileEncoding = 4; lastKnownFileType = sourcecode.swift; path = MenuViewModel.swift; sourceTree = "<group>"; };
		6415E5081D0D722D0055E4CF /* ProductListViewController.swift */ = {isa = PBXFileReference; fileEncoding = 4; lastKnownFileType = sourcecode.swift; path = ProductListViewController.swift; sourceTree = "<group>"; };
		6415E50A1D0E11A50055E4CF /* ProductListViewModel.swift */ = {isa = PBXFileReference; fileEncoding = 4; lastKnownFileType = sourcecode.swift; path = ProductListViewModel.swift; sourceTree = "<group>"; };
		6415E50C1D0E1A040055E4CF /* HeaderCollectionReusableView.swift */ = {isa = PBXFileReference; fileEncoding = 4; lastKnownFileType = sourcecode.swift; path = HeaderCollectionReusableView.swift; sourceTree = "<group>"; };
		6415E50F1D0E1DAD0055E4CF /* ProductCollectionViewCell.swift */ = {isa = PBXFileReference; fileEncoding = 4; lastKnownFileType = sourcecode.swift; path = ProductCollectionViewCell.swift; sourceTree = "<group>"; };
		642A212C1D144664009A4EB7 /* PagedScrollView.swift */ = {isa = PBXFileReference; fileEncoding = 4; lastKnownFileType = sourcecode.swift; path = PagedScrollView.swift; sourceTree = "<group>"; };
		642A212E1D145416009A4EB7 /* SelectableButton.swift */ = {isa = PBXFileReference; fileEncoding = 4; lastKnownFileType = sourcecode.swift; path = SelectableButton.swift; sourceTree = "<group>"; };
		6438727F1D0C6D4A00563D39 /* Example_ProductBrowser.app */ = {isa = PBXFileReference; explicitFileType = wrapper.application; includeInIndex = 0; path = Example_ProductBrowser.app; sourceTree = BUILT_PRODUCTS_DIR; };
		643872821D0C6D4A00563D39 /* AppDelegate.swift */ = {isa = PBXFileReference; lastKnownFileType = sourcecode.swift; path = AppDelegate.swift; sourceTree = "<group>"; };
		643872841D0C6D4A00563D39 /* StartViewController.swift */ = {isa = PBXFileReference; lastKnownFileType = sourcecode.swift; path = StartViewController.swift; sourceTree = "<group>"; };
		643872871D0C6D4A00563D39 /* Base */ = {isa = PBXFileReference; lastKnownFileType = file.storyboard; name = Base; path = Base.lproj/Main.storyboard; sourceTree = "<group>"; };
		643872891D0C6D4A00563D39 /* Assets.xcassets */ = {isa = PBXFileReference; lastKnownFileType = folder.assetcatalog; path = Assets.xcassets; sourceTree = "<group>"; };
		6438728C1D0C6D4A00563D39 /* Base */ = {isa = PBXFileReference; lastKnownFileType = file.storyboard; name = Base; path = Base.lproj/LaunchScreen.storyboard; sourceTree = "<group>"; };
		6438728E1D0C6D4A00563D39 /* Info.plist */ = {isa = PBXFileReference; lastKnownFileType = text.plist.xml; path = Info.plist; sourceTree = "<group>"; };
		643872931D0C6D4A00563D39 /* Example_ProductBrowserTests.xctest */ = {isa = PBXFileReference; explicitFileType = wrapper.cfbundle; includeInIndex = 0; path = Example_ProductBrowserTests.xctest; sourceTree = BUILT_PRODUCTS_DIR; };
		643872971D0C6D4A00563D39 /* ObjectTests.swift */ = {isa = PBXFileReference; lastKnownFileType = sourcecode.swift; path = ObjectTests.swift; sourceTree = "<group>"; };
		643872991D0C6D4A00563D39 /* Info.plist */ = {isa = PBXFileReference; lastKnownFileType = text.plist.xml; path = Info.plist; sourceTree = "<group>"; };
		643872A31D0C748500563D39 /* Moya+Extensions.swift */ = {isa = PBXFileReference; fileEncoding = 4; lastKnownFileType = sourcecode.swift; path = "Moya+Extensions.swift"; sourceTree = "<group>"; };
		643872A51D0C751000563D39 /* Extensions.swift */ = {isa = PBXFileReference; fileEncoding = 4; lastKnownFileType = sourcecode.swift; path = Extensions.swift; sourceTree = "<group>"; };
		643872A71D0C757500563D39 /* Backend.swift */ = {isa = PBXFileReference; fileEncoding = 4; lastKnownFileType = sourcecode.swift; path = Backend.swift; sourceTree = "<group>"; };
		643872AA1D0C933900563D39 /* Section.swift */ = {isa = PBXFileReference; fileEncoding = 4; lastKnownFileType = sourcecode.swift; path = Section.swift; sourceTree = "<group>"; };
		643872AC1D0C941100563D39 /* Category.swift */ = {isa = PBXFileReference; fileEncoding = 4; lastKnownFileType = sourcecode.swift; path = Category.swift; sourceTree = "<group>"; };
		643872AE1D0C964A00563D39 /* Product.swift */ = {isa = PBXFileReference; fileEncoding = 4; lastKnownFileType = sourcecode.swift; path = Product.swift; sourceTree = "<group>"; };
		643872B01D0C98A500563D39 /* CategoryDetails.swift */ = {isa = PBXFileReference; fileEncoding = 4; lastKnownFileType = sourcecode.swift; path = CategoryDetails.swift; sourceTree = "<group>"; };
		643872B21D0CA28700563D39 /* ProductDetails.swift */ = {isa = PBXFileReference; fileEncoding = 4; lastKnownFileType = sourcecode.swift; path = ProductDetails.swift; sourceTree = "<group>"; };
		64408DD21D14C02500285CC2 /* FavManager.swift */ = {isa = PBXFileReference; fileEncoding = 4; lastKnownFileType = sourcecode.swift; path = FavManager.swift; sourceTree = "<group>"; };
		64408DD41D15BA2000285CC2 /* FavBarButtonHelper.swift */ = {isa = PBXFileReference; fileEncoding = 4; lastKnownFileType = sourcecode.swift; path = FavBarButtonHelper.swift; sourceTree = "<group>"; };
		64408DD71D15FF2700285CC2 /* ObjectMocks.swift */ = {isa = PBXFileReference; fileEncoding = 4; lastKnownFileType = sourcecode.swift; path = ObjectMocks.swift; sourceTree = "<group>"; };
		64408DD91D170C6500285CC2 /* ModelTests.swift */ = {isa = PBXFileReference; fileEncoding = 4; lastKnownFileType = sourcecode.swift; path = ModelTests.swift; sourceTree = "<group>"; };
		64408DDB1D1716CC00285CC2 /* ViewModelTests.swift */ = {isa = PBXFileReference; fileEncoding = 4; lastKnownFileType = sourcecode.swift; path = ViewModelTests.swift; sourceTree = "<group>"; };
		64459FEA1D141E76003D63BD /* BagBarButtonHelper.swift */ = {isa = PBXFileReference; fileEncoding = 4; lastKnownFileType = sourcecode.swift; path = BagBarButtonHelper.swift; sourceTree = "<group>"; };
		646681B51D14033E00580764 /* BagManager.swift */ = {isa = PBXFileReference; fileEncoding = 4; lastKnownFileType = sourcecode.swift; path = BagManager.swift; sourceTree = "<group>"; };
		647B2E471D0CAD5E00337E48 /* CatManager.swift */ = {isa = PBXFileReference; fileEncoding = 4; lastKnownFileType = sourcecode.swift; path = CatManager.swift; sourceTree = "<group>"; };
		647B2E4E1D0CB5C800337E48 /* R.generated.swift */ = {isa = PBXFileReference; fileEncoding = 4; lastKnownFileType = sourcecode.swift; path = R.generated.swift; sourceTree = SOURCE_ROOT; };
		647B2E501D0CB66500337E48 /* HamburgerMenu.storyboard */ = {isa = PBXFileReference; fileEncoding = 4; lastKnownFileType = file.storyboard; path = HamburgerMenu.storyboard; sourceTree = "<group>"; };
		64EDDF6B1D1053650078DE40 /* ProductDetailsViewModel.swift */ = {isa = PBXFileReference; fileEncoding = 4; lastKnownFileType = sourcecode.swift; path = ProductDetailsViewModel.swift; sourceTree = "<group>"; };
		64EDDF6D1D11DA5F0078DE40 /* ProductDetailsViewController.swift */ = {isa = PBXFileReference; fileEncoding = 4; lastKnownFileType = sourcecode.swift; path = ProductDetailsViewController.swift; sourceTree = "<group>"; };
		A4BFE97299095B36AABBA3E6 /* Pods-Example_ProductBrowserTests.release.xcconfig */ = {isa = PBXFileReference; includeInIndex = 1; lastKnownFileType = text.xcconfig; name = "Pods-Example_ProductBrowserTests.release.xcconfig"; path = "Pods/Target Support Files/Pods-Example_ProductBrowserTests/Pods-Example_ProductBrowserTests.release.xcconfig"; sourceTree = "<group>"; };
		C313EAED1355B6F55BA95722 /* Pods-Example_ProductBrowser.release.xcconfig */ = {isa = PBXFileReference; includeInIndex = 1; lastKnownFileType = text.xcconfig; name = "Pods-Example_ProductBrowser.release.xcconfig"; path = "Pods/Target Support Files/Pods-Example_ProductBrowser/Pods-Example_ProductBrowser.release.xcconfig"; sourceTree = "<group>"; };
		C42822C931D8E81866A53BBA /* Pods_Example_ProductBrowserTests.framework */ = {isa = PBXFileReference; explicitFileType = wrapper.framework; includeInIndex = 0; path = Pods_Example_ProductBrowserTests.framework; sourceTree = BUILT_PRODUCTS_DIR; };
		FA897DF6F65046CD300A7D12 /* Pods-Example_ProductBrowser.debug.xcconfig */ = {isa = PBXFileReference; includeInIndex = 1; lastKnownFileType = text.xcconfig; name = "Pods-Example_ProductBrowser.debug.xcconfig"; path = "Pods/Target Support Files/Pods-Example_ProductBrowser/Pods-Example_ProductBrowser.debug.xcconfig"; sourceTree = "<group>"; };
/* End PBXFileReference section */

/* Begin PBXFrameworksBuildPhase section */
		6438727C1D0C6D4A00563D39 /* Frameworks */ = {
			isa = PBXFrameworksBuildPhase;
			buildActionMask = 2147483647;
			files = (
				7C82320659BF8696B49C3EF4 /* Pods_Example_ProductBrowser.framework in Frameworks */,
			);
			runOnlyForDeploymentPostprocessing = 0;
		};
		643872901D0C6D4A00563D39 /* Frameworks */ = {
			isa = PBXFrameworksBuildPhase;
			buildActionMask = 2147483647;
			files = (
				2F2858CB982E43ADB53A07C0 /* Pods_Example_ProductBrowserTests.framework in Frameworks */,
			);
			runOnlyForDeploymentPostprocessing = 0;
		};
/* End PBXFrameworksBuildPhase section */

/* Begin PBXGroup section */
		5310ED0485EB498BE2351A4D /* Frameworks */ = {
			isa = PBXGroup;
			children = (
				1F9AB1283669754CB9127FF1 /* Pods_Example_ProductBrowser.framework */,
				C42822C931D8E81866A53BBA /* Pods_Example_ProductBrowserTests.framework */,
			);
			name = Frameworks;
			sourceTree = "<group>";
		};
		6415E5051D0CCB840055E4CF /* ViewModels */ = {
			isa = PBXGroup;
			children = (
				6415E5061D0CCB8F0055E4CF /* MenuViewModel.swift */,
				6415E50A1D0E11A50055E4CF /* ProductListViewModel.swift */,
				64EDDF6B1D1053650078DE40 /* ProductDetailsViewModel.swift */,
			);
			name = ViewModels;
			sourceTree = "<group>";
		};
		6415E50E1D0E1A0D0055E4CF /* Views */ = {
			isa = PBXGroup;
			children = (
				6415E50C1D0E1A040055E4CF /* HeaderCollectionReusableView.swift */,
				6415E50F1D0E1DAD0055E4CF /* ProductCollectionViewCell.swift */,
				642A212C1D144664009A4EB7 /* PagedScrollView.swift */,
				642A212E1D145416009A4EB7 /* SelectableButton.swift */,
			);
			name = Views;
			sourceTree = "<group>";
		};
		643872761D0C6D4A00563D39 = {
			isa = PBXGroup;
			children = (
				643872811D0C6D4A00563D39 /* Example_ProductBrowser */,
				643872961D0C6D4A00563D39 /* Example_ProductBrowserTests */,
				643872801D0C6D4A00563D39 /* Products */,
				A01100C01499AEBC69C3C57A /* Pods */,
				5310ED0485EB498BE2351A4D /* Frameworks */,
			);
			sourceTree = "<group>";
		};
		643872801D0C6D4A00563D39 /* Products */ = {
			isa = PBXGroup;
			children = (
				6438727F1D0C6D4A00563D39 /* Example_ProductBrowser.app */,
				643872931D0C6D4A00563D39 /* Example_ProductBrowserTests.xctest */,
			);
			name = Products;
			sourceTree = "<group>";
		};
		643872811D0C6D4A00563D39 /* Example_ProductBrowser */ = {
			isa = PBXGroup;
			children = (
				643872A51D0C751000563D39 /* Extensions.swift */,
				647B2E4E1D0CB5C800337E48 /* R.generated.swift */,
				643872A91D0C930C00563D39 /* Objects */,
				647B2E461D0CAD3700337E48 /* Models */,
				643872A21D0C747300563D39 /* Backend */,
				643872821D0C6D4A00563D39 /* AppDelegate.swift */,
				64408DD61D15BA2B00285CC2 /* Helpers */,
				6415E50E1D0E1A0D0055E4CF /* Views */,
				6415E5051D0CCB840055E4CF /* ViewModels */,
				647B2E4C1D0CB49400337E48 /* ViewControllers */,
				643872861D0C6D4A00563D39 /* Main.storyboard */,
				647B2E501D0CB66500337E48 /* HamburgerMenu.storyboard */,
				643872891D0C6D4A00563D39 /* Assets.xcassets */,
				6438728B1D0C6D4A00563D39 /* LaunchScreen.storyboard */,
				6438728E1D0C6D4A00563D39 /* Info.plist */,
			);
			path = Example_ProductBrowser;
			sourceTree = "<group>";
		};
		643872961D0C6D4A00563D39 /* Example_ProductBrowserTests */ = {
			isa = PBXGroup;
			children = (
				643872971D0C6D4A00563D39 /* ObjectTests.swift */,
				64408DDB1D1716CC00285CC2 /* ViewModelTests.swift */,
				64408DD71D15FF2700285CC2 /* ObjectMocks.swift */,
				64408DD91D170C6500285CC2 /* ModelTests.swift */,
				643872991D0C6D4A00563D39 /* Info.plist */,
			);
			path = Example_ProductBrowserTests;
			sourceTree = "<group>";
		};
		643872A21D0C747300563D39 /* Backend */ = {
			isa = PBXGroup;
			children = (
				643872A31D0C748500563D39 /* Moya+Extensions.swift */,
				643872A71D0C757500563D39 /* Backend.swift */,
			);
			name = Backend;
			sourceTree = "<group>";
		};
		643872A91D0C930C00563D39 /* Objects */ = {
			isa = PBXGroup;
			children = (
				643872AA1D0C933900563D39 /* Section.swift */,
				643872AC1D0C941100563D39 /* Category.swift */,
				643872B01D0C98A500563D39 /* CategoryDetails.swift */,
				643872AE1D0C964A00563D39 /* Product.swift */,
				643872B21D0CA28700563D39 /* ProductDetails.swift */,
			);
			name = Objects;
			sourceTree = "<group>";
		};
		64408DD61D15BA2B00285CC2 /* Helpers */ = {
			isa = PBXGroup;
			children = (
				64459FEA1D141E76003D63BD /* BagBarButtonHelper.swift */,
				64408DD41D15BA2000285CC2 /* FavBarButtonHelper.swift */,
			);
			name = Helpers;
			sourceTree = "<group>";
		};
		647B2E461D0CAD3700337E48 /* Models */ = {
			isa = PBXGroup;
			children = (
				647B2E471D0CAD5E00337E48 /* CatManager.swift */,
				646681B51D14033E00580764 /* BagManager.swift */,
				64408DD21D14C02500285CC2 /* FavManager.swift */,
			);
			name = Models;
			sourceTree = "<group>";
		};
		647B2E4C1D0CB49400337E48 /* ViewControllers */ = {
			isa = PBXGroup;
			children = (
				643872841D0C6D4A00563D39 /* StartViewController.swift */,
				6415E5001D0CBB690055E4CF /* MenuViewController.swift */,
				6415E5081D0D722D0055E4CF /* ProductListViewController.swift */,
				64EDDF6D1D11DA5F0078DE40 /* ProductDetailsViewController.swift */,
			);
			name = ViewControllers;
			sourceTree = "<group>";
		};
		A01100C01499AEBC69C3C57A /* Pods */ = {
			isa = PBXGroup;
			children = (
				FA897DF6F65046CD300A7D12 /* Pods-Example_ProductBrowser.debug.xcconfig */,
				C313EAED1355B6F55BA95722 /* Pods-Example_ProductBrowser.release.xcconfig */,
				4CC9B50021DCA7689A02FE93 /* Pods-Example_ProductBrowserTests.debug.xcconfig */,
				A4BFE97299095B36AABBA3E6 /* Pods-Example_ProductBrowserTests.release.xcconfig */,
			);
			name = Pods;
			sourceTree = "<group>";
		};
/* End PBXGroup section */

/* Begin PBXNativeTarget section */
		6438727E1D0C6D4A00563D39 /* Example_ProductBrowser */ = {
			isa = PBXNativeTarget;
			buildConfigurationList = 6438729C1D0C6D4A00563D39 /* Build configuration list for PBXNativeTarget "Example_ProductBrowser" */;
			buildPhases = (
				F8492B6F4FED9550FAAB5D09 /* 📦 Check Pods Manifest.lock */,
				647B2E4D1D0CB55100337E48 /* R.swift */,
				6438727B1D0C6D4A00563D39 /* Sources */,
				6438727C1D0C6D4A00563D39 /* Frameworks */,
				6438727D1D0C6D4A00563D39 /* Resources */,
				121BE0131B46375ED195B604 /* 📦 Embed Pods Frameworks */,
				7076F46715C578589F3D3F66 /* 📦 Copy Pods Resources */,
			);
			buildRules = (
			);
			dependencies = (
			);
			name = Example_ProductBrowser;
			productName = Example_ProductBrowser;
			productReference = 6438727F1D0C6D4A00563D39 /* Example_ProductBrowser.app */;
			productType = "com.apple.product-type.application";
		};
		643872921D0C6D4A00563D39 /* Example_ProductBrowserTests */ = {
			isa = PBXNativeTarget;
			buildConfigurationList = 6438729F1D0C6D4A00563D39 /* Build configuration list for PBXNativeTarget "Example_ProductBrowserTests" */;
			buildPhases = (
				B4628C31E34840E1F9890D77 /* 📦 Check Pods Manifest.lock */,
				6438728F1D0C6D4A00563D39 /* Sources */,
				643872901D0C6D4A00563D39 /* Frameworks */,
				643872911D0C6D4A00563D39 /* Resources */,
				DF8D7F5960F85207B22AE833 /* 📦 Embed Pods Frameworks */,
				5B6A221FC083728F2D35EA47 /* 📦 Copy Pods Resources */,
			);
			buildRules = (
			);
			dependencies = (
				643872951D0C6D4A00563D39 /* PBXTargetDependency */,
			);
			name = Example_ProductBrowserTests;
			productName = Example_ProductBrowserTests;
			productReference = 643872931D0C6D4A00563D39 /* Example_ProductBrowserTests.xctest */;
			productType = "com.apple.product-type.bundle.unit-test";
		};
/* End PBXNativeTarget section */

/* Begin PBXProject section */
		643872771D0C6D4A00563D39 /* Project object */ = {
			isa = PBXProject;
			attributes = {
				LastSwiftUpdateCheck = 0730;
				LastUpgradeCheck = 0730;
				ORGANIZATIONNAME = rshev;
				TargetAttributes = {
					6438727E1D0C6D4A00563D39 = {
						CreatedOnToolsVersion = 7.3.1;
					};
					643872921D0C6D4A00563D39 = {
						CreatedOnToolsVersion = 7.3.1;
						TestTargetID = 6438727E1D0C6D4A00563D39;
					};
				};
			};
			buildConfigurationList = 6438727A1D0C6D4A00563D39 /* Build configuration list for PBXProject "Example_ProductBrowser" */;
			compatibilityVersion = "Xcode 3.2";
			developmentRegion = English;
			hasScannedForEncodings = 0;
			knownRegions = (
				en,
				Base,
			);
			mainGroup = 643872761D0C6D4A00563D39;
			productRefGroup = 643872801D0C6D4A00563D39 /* Products */;
			projectDirPath = "";
			projectRoot = "";
			targets = (
				6438727E1D0C6D4A00563D39 /* Example_ProductBrowser */,
				643872921D0C6D4A00563D39 /* Example_ProductBrowserTests */,
			);
		};
/* End PBXProject section */

/* Begin PBXResourcesBuildPhase section */
		6438727D1D0C6D4A00563D39 /* Resources */ = {
			isa = PBXResourcesBuildPhase;
			buildActionMask = 2147483647;
			files = (
				6438728D1D0C6D4A00563D39 /* LaunchScreen.storyboard in Resources */,
				647B2E511D0CB66500337E48 /* HamburgerMenu.storyboard in Resources */,
				6438728A1D0C6D4A00563D39 /* Assets.xcassets in Resources */,
				643872881D0C6D4A00563D39 /* Main.storyboard in Resources */,
			);
			runOnlyForDeploymentPostprocessing = 0;
		};
		643872911D0C6D4A00563D39 /* Resources */ = {
			isa = PBXResourcesBuildPhase;
			buildActionMask = 2147483647;
			files = (
			);
			runOnlyForDeploymentPostprocessing = 0;
		};
/* End PBXResourcesBuildPhase section */

/* Begin PBXShellScriptBuildPhase section */
		121BE0131B46375ED195B604 /* 📦 Embed Pods Frameworks */ = {
			isa = PBXShellScriptBuildPhase;
			buildActionMask = 2147483647;
			files = (
			);
			inputPaths = (
			);
			name = "📦 Embed Pods Frameworks";
			outputPaths = (
			);
			runOnlyForDeploymentPostprocessing = 0;
			shellPath = /bin/sh;
			shellScript = "\"${SRCROOT}/Pods/Target Support Files/Pods-Example_ProductBrowser/Pods-Example_ProductBrowser-frameworks.sh\"\n";
			showEnvVarsInLog = 0;
		};
		5B6A221FC083728F2D35EA47 /* 📦 Copy Pods Resources */ = {
			isa = PBXShellScriptBuildPhase;
			buildActionMask = 2147483647;
			files = (
			);
			inputPaths = (
			);
			name = "📦 Copy Pods Resources";
			outputPaths = (
			);
			runOnlyForDeploymentPostprocessing = 0;
			shellPath = /bin/sh;
			shellScript = "\"${SRCROOT}/Pods/Target Support Files/Pods-Example_ProductBrowserTests/Pods-Example_ProductBrowserTests-resources.sh\"\n";
			showEnvVarsInLog = 0;
		};
		647B2E4D1D0CB55100337E48 /* R.swift */ = {
			isa = PBXShellScriptBuildPhase;
			buildActionMask = 2147483647;
			files = (
			);
			inputPaths = (
			);
			name = R.swift;
			outputPaths = (
			);
			runOnlyForDeploymentPostprocessing = 0;
			shellPath = /bin/sh;
			shellScript = "\"$PODS_ROOT/R.swift/rswift\" \"$SRCROOT\"";
		};
		7076F46715C578589F3D3F66 /* 📦 Copy Pods Resources */ = {
			isa = PBXShellScriptBuildPhase;
			buildActionMask = 2147483647;
			files = (
			);
			inputPaths = (
			);
			name = "📦 Copy Pods Resources";
			outputPaths = (
			);
			runOnlyForDeploymentPostprocessing = 0;
			shellPath = /bin/sh;
			shellScript = "\"${SRCROOT}/Pods/Target Support Files/Pods-Example_ProductBrowser/Pods-Example_ProductBrowser-resources.sh\"\n";
			showEnvVarsInLog = 0;
		};
		B4628C31E34840E1F9890D77 /* 📦 Check Pods Manifest.lock */ = {
			isa = PBXShellScriptBuildPhase;
			buildActionMask = 2147483647;
			files = (
			);
			inputPaths = (
			);
			name = "📦 Check Pods Manifest.lock";
			outputPaths = (
			);
			runOnlyForDeploymentPostprocessing = 0;
			shellPath = /bin/sh;
			shellScript = "diff \"${PODS_ROOT}/../Podfile.lock\" \"${PODS_ROOT}/Manifest.lock\" > /dev/null\nif [[ $? != 0 ]] ; then\n    cat << EOM\nerror: The sandbox is not in sync with the Podfile.lock. Run 'pod install' or update your CocoaPods installation.\nEOM\n    exit 1\nfi\n";
			showEnvVarsInLog = 0;
		};
		DF8D7F5960F85207B22AE833 /* 📦 Embed Pods Frameworks */ = {
			isa = PBXShellScriptBuildPhase;
			buildActionMask = 2147483647;
			files = (
			);
			inputPaths = (
			);
			name = "📦 Embed Pods Frameworks";
			outputPaths = (
			);
			runOnlyForDeploymentPostprocessing = 0;
			shellPath = /bin/sh;
			shellScript = "\"${SRCROOT}/Pods/Target Support Files/Pods-Example_ProductBrowserTests/Pods-Example_ProductBrowserTests-frameworks.sh\"\n";
			showEnvVarsInLog = 0;
		};
		F8492B6F4FED9550FAAB5D09 /* 📦 Check Pods Manifest.lock */ = {
			isa = PBXShellScriptBuildPhase;
			buildActionMask = 2147483647;
			files = (
			);
			inputPaths = (
			);
			name = "📦 Check Pods Manifest.lock";
			outputPaths = (
			);
			runOnlyForDeploymentPostprocessing = 0;
			shellPath = /bin/sh;
			shellScript = "diff \"${PODS_ROOT}/../Podfile.lock\" \"${PODS_ROOT}/Manifest.lock\" > /dev/null\nif [[ $? != 0 ]] ; then\n    cat << EOM\nerror: The sandbox is not in sync with the Podfile.lock. Run 'pod install' or update your CocoaPods installation.\nEOM\n    exit 1\nfi\n";
			showEnvVarsInLog = 0;
		};
/* End PBXShellScriptBuildPhase section */

/* Begin PBXSourcesBuildPhase section */
		6438727B1D0C6D4A00563D39 /* Sources */ = {
			isa = PBXSourcesBuildPhase;
			buildActionMask = 2147483647;
			files = (
				643872A41D0C748500563D39 /* Moya+Extensions.swift in Sources */,
				6415E5071D0CCB8F0055E4CF /* MenuViewModel.swift in Sources */,
				643872AF1D0C964A00563D39 /* Product.swift in Sources */,
				64EDDF6E1D11DA5F0078DE40 /* ProductDetailsViewController.swift in Sources */,
				647B2E481D0CAD5E00337E48 /* CatManager.swift in Sources */,
				64EDDF6C1D1053650078DE40 /* ProductDetailsViewModel.swift in Sources */,
				646681B61D14033E00580764 /* BagManager.swift in Sources */,
				643872B31D0CA28700563D39 /* ProductDetails.swift in Sources */,
				643872851D0C6D4A00563D39 /* StartViewController.swift in Sources */,
				642A212F1D145416009A4EB7 /* SelectableButton.swift in Sources */,
				643872831D0C6D4A00563D39 /* AppDelegate.swift in Sources */,
				6415E5091D0D722D0055E4CF /* ProductListViewController.swift in Sources */,
				643872AB1D0C933900563D39 /* Section.swift in Sources */,
				6415E5011D0CBB690055E4CF /* MenuViewController.swift in Sources */,
				64459FEB1D141E76003D63BD /* BagBarButtonHelper.swift in Sources */,
				64408DD51D15BA2000285CC2 /* FavBarButtonHelper.swift in Sources */,
				643872B11D0C98A500563D39 /* CategoryDetails.swift in Sources */,
				643872A61D0C751000563D39 /* Extensions.swift in Sources */,
				643872A81D0C757500563D39 /* Backend.swift in Sources */,
				6415E50D1D0E1A040055E4CF /* HeaderCollectionReusableView.swift in Sources */,
				643872AD1D0C941100563D39 /* Category.swift in Sources */,
				6415E50B1D0E11A50055E4CF /* ProductListViewModel.swift in Sources */,
				64408DD31D14C02500285CC2 /* FavManager.swift in Sources */,
				6415E5101D0E1DAD0055E4CF /* ProductCollectionViewCell.swift in Sources */,
				647B2E4F1D0CB5C800337E48 /* R.generated.swift in Sources */,
				642A212D1D144664009A4EB7 /* PagedScrollView.swift in Sources */,
			);
			runOnlyForDeploymentPostprocessing = 0;
		};
		6438728F1D0C6D4A00563D39 /* Sources */ = {
			isa = PBXSourcesBuildPhase;
			buildActionMask = 2147483647;
			files = (
				64408DDA1D170C6500285CC2 /* ModelTests.swift in Sources */,
				64408DD81D15FF2700285CC2 /* ObjectMocks.swift in Sources */,
				64408DDC1D1716CC00285CC2 /* ViewModelTests.swift in Sources */,
				643872981D0C6D4A00563D39 /* ObjectTests.swift in Sources */,
			);
			runOnlyForDeploymentPostprocessing = 0;
		};
/* End PBXSourcesBuildPhase section */

/* Begin PBXTargetDependency section */
		643872951D0C6D4A00563D39 /* PBXTargetDependency */ = {
			isa = PBXTargetDependency;
			target = 6438727E1D0C6D4A00563D39 /* Example_ProductBrowser */;
			targetProxy = 643872941D0C6D4A00563D39 /* PBXContainerItemProxy */;
		};
/* End PBXTargetDependency section */

/* Begin PBXVariantGroup section */
		643872861D0C6D4A00563D39 /* Main.storyboard */ = {
			isa = PBXVariantGroup;
			children = (
				643872871D0C6D4A00563D39 /* Base */,
			);
			name = Main.storyboard;
			sourceTree = "<group>";
		};
		6438728B1D0C6D4A00563D39 /* LaunchScreen.storyboard */ = {
			isa = PBXVariantGroup;
			children = (
				6438728C1D0C6D4A00563D39 /* Base */,
			);
			name = LaunchScreen.storyboard;
			sourceTree = "<group>";
		};
/* End PBXVariantGroup section */

/* Begin XCBuildConfiguration section */
		6438729A1D0C6D4A00563D39 /* Debug */ = {
			isa = XCBuildConfiguration;
			buildSettings = {
				ALWAYS_SEARCH_USER_PATHS = NO;
				CLANG_ANALYZER_NONNULL = YES;
				CLANG_CXX_LANGUAGE_STANDARD = "gnu++0x";
				CLANG_CXX_LIBRARY = "libc++";
				CLANG_ENABLE_MODULES = YES;
				CLANG_ENABLE_OBJC_ARC = YES;
				CLANG_WARN_BOOL_CONVERSION = YES;
				CLANG_WARN_CONSTANT_CONVERSION = YES;
				CLANG_WARN_DIRECT_OBJC_ISA_USAGE = YES_ERROR;
				CLANG_WARN_EMPTY_BODY = YES;
				CLANG_WARN_ENUM_CONVERSION = YES;
				CLANG_WARN_INT_CONVERSION = YES;
				CLANG_WARN_OBJC_ROOT_CLASS = YES_ERROR;
				CLANG_WARN_UNREACHABLE_CODE = YES;
				CLANG_WARN__DUPLICATE_METHOD_MATCH = YES;
				"CODE_SIGN_IDENTITY[sdk=iphoneos*]" = "iPhone Developer";
				COPY_PHASE_STRIP = NO;
				DEBUG_INFORMATION_FORMAT = dwarf;
				ENABLE_STRICT_OBJC_MSGSEND = YES;
				ENABLE_TESTABILITY = YES;
				GCC_C_LANGUAGE_STANDARD = gnu99;
				GCC_DYNAMIC_NO_PIC = NO;
				GCC_NO_COMMON_BLOCKS = YES;
				GCC_OPTIMIZATION_LEVEL = 0;
				GCC_PREPROCESSOR_DEFINITIONS = (
					"DEBUG=1",
					"$(inherited)",
				);
				GCC_WARN_64_TO_32_BIT_CONVERSION = YES;
				GCC_WARN_ABOUT_RETURN_TYPE = YES_ERROR;
				GCC_WARN_UNDECLARED_SELECTOR = YES;
				GCC_WARN_UNINITIALIZED_AUTOS = YES_AGGRESSIVE;
				GCC_WARN_UNUSED_FUNCTION = YES;
				GCC_WARN_UNUSED_VARIABLE = YES;
				IPHONEOS_DEPLOYMENT_TARGET = 9.3;
				MTL_ENABLE_DEBUG_INFO = YES;
				ONLY_ACTIVE_ARCH = YES;
				SDKROOT = iphoneos;
				SWIFT_OPTIMIZATION_LEVEL = "-Onone";
			};
			name = Debug;
		};
		6438729B1D0C6D4A00563D39 /* Release */ = {
			isa = XCBuildConfiguration;
			buildSettings = {
				ALWAYS_SEARCH_USER_PATHS = NO;
				CLANG_ANALYZER_NONNULL = YES;
				CLANG_CXX_LANGUAGE_STANDARD = "gnu++0x";
				CLANG_CXX_LIBRARY = "libc++";
				CLANG_ENABLE_MODULES = YES;
				CLANG_ENABLE_OBJC_ARC = YES;
				CLANG_WARN_BOOL_CONVERSION = YES;
				CLANG_WARN_CONSTANT_CONVERSION = YES;
				CLANG_WARN_DIRECT_OBJC_ISA_USAGE = YES_ERROR;
				CLANG_WARN_EMPTY_BODY = YES;
				CLANG_WARN_ENUM_CONVERSION = YES;
				CLANG_WARN_INT_CONVERSION = YES;
				CLANG_WARN_OBJC_ROOT_CLASS = YES_ERROR;
				CLANG_WARN_UNREACHABLE_CODE = YES;
				CLANG_WARN__DUPLICATE_METHOD_MATCH = YES;
				"CODE_SIGN_IDENTITY[sdk=iphoneos*]" = "iPhone Developer";
				COPY_PHASE_STRIP = NO;
				DEBUG_INFORMATION_FORMAT = "dwarf-with-dsym";
				ENABLE_NS_ASSERTIONS = NO;
				ENABLE_STRICT_OBJC_MSGSEND = YES;
				GCC_C_LANGUAGE_STANDARD = gnu99;
				GCC_NO_COMMON_BLOCKS = YES;
				GCC_WARN_64_TO_32_BIT_CONVERSION = YES;
				GCC_WARN_ABOUT_RETURN_TYPE = YES_ERROR;
				GCC_WARN_UNDECLARED_SELECTOR = YES;
				GCC_WARN_UNINITIALIZED_AUTOS = YES_AGGRESSIVE;
				GCC_WARN_UNUSED_FUNCTION = YES;
				GCC_WARN_UNUSED_VARIABLE = YES;
				IPHONEOS_DEPLOYMENT_TARGET = 9.3;
				MTL_ENABLE_DEBUG_INFO = NO;
				SDKROOT = iphoneos;
				VALIDATE_PRODUCT = YES;
			};
			name = Release;
		};
		6438729D1D0C6D4A00563D39 /* Debug */ = {
			isa = XCBuildConfiguration;
			baseConfigurationReference = FA897DF6F65046CD300A7D12 /* Pods-Example_ProductBrowser.debug.xcconfig */;
			buildSettings = {
				ASSETCATALOG_COMPILER_APPICON_NAME = AppIcon;
				INFOPLIST_FILE = Example_ProductBrowser/Info.plist;
				LD_RUNPATH_SEARCH_PATHS = "$(inherited) @executable_path/Frameworks";
				OTHER_SWIFT_FLAGS = "$(inherited) \"-D\" \"COCOAPODS\" -D DEBUG";
				PRODUCT_BUNDLE_IDENTIFIER = "com.rshev.Example-ProductBrowser";
				PRODUCT_NAME = "$(TARGET_NAME)";
			};
			name = Debug;
		};
		6438729E1D0C6D4A00563D39 /* Release */ = {
			isa = XCBuildConfiguration;
			baseConfigurationReference = C313EAED1355B6F55BA95722 /* Pods-Example_ProductBrowser.release.xcconfig */;
			buildSettings = {
				ASSETCATALOG_COMPILER_APPICON_NAME = AppIcon;
				INFOPLIST_FILE = Example_ProductBrowser/Info.plist;
				LD_RUNPATH_SEARCH_PATHS = "$(inherited) @executable_path/Frameworks";
				PRODUCT_BUNDLE_IDENTIFIER = "com.rshev.Example-ProductBrowser";
				PRODUCT_NAME = "$(TARGET_NAME)";
			};
			name = Release;
		};
		643872A01D0C6D4A00563D39 /* Debug */ = {
			isa = XCBuildConfiguration;
			baseConfigurationReference = 4CC9B50021DCA7689A02FE93 /* Pods-Example_ProductBrowserTests.debug.xcconfig */;
			buildSettings = {
				BUNDLE_LOADER = "$(TEST_HOST)";
				INFOPLIST_FILE = Example_ProductBrowserTests/Info.plist;
				LD_RUNPATH_SEARCH_PATHS = "$(inherited) @executable_path/Frameworks @loader_path/Frameworks";
				PRODUCT_BUNDLE_IDENTIFIER = "com.rshev.Example-ProductBrowserTests";
				PRODUCT_NAME = "$(TARGET_NAME)";
				TEST_HOST = "$(BUILT_PRODUCTS_DIR)/Example_ProductBrowser.app/Example_ProductBrowser";
			};
			name = Debug;
		};
		643872A11D0C6D4A00563D39 /* Release */ = {
			isa = XCBuildConfiguration;
			baseConfigurationReference = A4BFE97299095B36AABBA3E6 /* Pods-Example_ProductBrowserTests.release.xcconfig */;
			buildSettings = {
				BUNDLE_LOADER = "$(TEST_HOST)";
				INFOPLIST_FILE = Example_ProductBrowserTests/Info.plist;
				LD_RUNPATH_SEARCH_PATHS = "$(inherited) @executable_path/Frameworks @loader_path/Frameworks";
				PRODUCT_BUNDLE_IDENTIFIER = "com.rshev.Example-ProductBrowserTests";
				PRODUCT_NAME = "$(TARGET_NAME)";
				TEST_HOST = "$(BUILT_PRODUCTS_DIR)/Example_ProductBrowser.app/Example_ProductBrowser";
			};
			name = Release;
		};
/* End XCBuildConfiguration section */

/* Begin XCConfigurationList section */
		6438727A1D0C6D4A00563D39 /* Build configuration list for PBXProject "Example_ProductBrowser" */ = {
			isa = XCConfigurationList;
			buildConfigurations = (
				6438729A1D0C6D4A00563D39 /* Debug */,
				6438729B1D0C6D4A00563D39 /* Release */,
			);
			defaultConfigurationIsVisible = 0;
			defaultConfigurationName = Release;
		};
		6438729C1D0C6D4A00563D39 /* Build configuration list for PBXNativeTarget "Example_ProductBrowser" */ = {
			isa = XCConfigurationList;
			buildConfigurations = (
				6438729D1D0C6D4A00563D39 /* Debug */,
				6438729E1D0C6D4A00563D39 /* Release */,
			);
			defaultConfigurationIsVisible = 0;
			defaultConfigurationName = Release;
		};
		6438729F1D0C6D4A00563D39 /* Build configuration list for PBXNativeTarget "Example_ProductBrowserTests" */ = {
			isa = XCConfigurationList;
			buildConfigurations = (
				643872A01D0C6D4A00563D39 /* Debug */,
				643872A11D0C6D4A00563D39 /* Release */,
			);
			defaultConfigurationIsVisible = 0;
			defaultConfigurationName = Release;
		};
/* End XCConfigurationList section */
	};
	rootObject = 643872771D0C6D4A00563D39 /* Project object */;
}
