PODS:
  - Alamofire (3.4.0)
  - Moya (6.5.0):
    - Moya/Core (= 6.5.0)
  - Moya/Core (6.5.0):
    - Alamofire (~> 3.0)
    - Result (~> 2.0)
  - Moya/RxSwift (6.5.0):
    - Moya/Core
    - RxSwift (~> 2.0)
  - Result (2.0.0)
  - RxCocoa (2.5.0):
    - RxSwift (~> 2.5)
  - RxSwift (2.5.0)
  - Unbox (1.6)

DEPENDENCIES:
  - Moya
  - Moya/RxSwift
  - RxCocoa
  - RxSwift
  - Unbox

SPEC CHECKSUMS:
  Alamofire: c19a627cefd6a95f840401c49ab1f124e07f54ee
  Moya: f7a4044719381cc6299f9ad3e0ef05f426f0557b
  Result: 9e75e1111c774c6ac594e14907b15057053a7959
  RxCocoa: e1b1562e57a554d0fb2aabf9d71b637f177257c7
  RxSwift: 402b41a50e922a0368fc14cb3bc9f4427920e8ae
  Unbox: c93120a1096fd0b6dab043d82919ac66b81ee1a2

PODFILE CHECKSUM: 8141ea442f6bf30f666a28ad26e7b998bd799dc9

COCOAPODS: 1.0.0
